
Microsoft Visual Studio Solution File, Format Version 12.00
# Visual Studio Version 16
VisualStudioVersion = 16.0.31105.61
MinimumVisualStudioVersion = 10.0.40219.1
Project("{FAE04EC0-301F-11D3-BF4B-00C04F79EFBC}") = "ConsoleApp9", "ConsoleApp9\ConsoleApp9.csproj", "{043B2F0B-33EE-4472-80C9-073B339F9865}"
EndProject
Global
	GlobalSection(SolutionConfigurationPlatforms) = preSolution
		Debug|Any CPU = Debug|Any CPU
		Release|Any CPU = Release|Any CPU
	EndGlobalSection
	GlobalSection(ProjectConfigurationPlatforms) = postSolution
		{043B2F0B-33EE-4472-80C9-073B339F9865}.Debug|Any CPU.ActiveCfg = Debug|Any CPU
		{043B2F0B-33EE-4472-80C9-073B339F9865}.Debug|Any CPU.Build.0 = Debug|Any CPU
		{043B2F0B-33EE-4472-80C9-073B339F9865}.Release|Any CPU.ActiveCfg = Release|Any CPU
		{043B2F0B-33EE-4472-80C9-073B339F9865}.Release|Any CPU.Build.0 = Release|Any CPU
	EndGlobalSection
	GlobalSection(SolutionProperties) = preSolution
		HideSolutionNode = FALSE
	EndGlobalSection
	GlobalSection(ExtensibilityGlobals) = postSolution
		SolutionGuid = {20038955-9064-46CE-AE1B-0A03D42EEAA2}
	EndGlobalSection
EndGlobal
